github.com/google/uuid v1.6.0 h1:NIvaJDMOsjHA8n1jAhLSgzrAzy1Hgr+hNrb57e+94F0=
github.com/google/uuid v1.6.0/go.mod h1:TIyPZe4MgqvfeYDBFedMoGGpEw/LqOeaOT+nhxU+yHo=
github.com/petermattis/goid v0.0.0-20250813065127-a731cc31b4fe h1:vHpqOnPlnkba8iSxU4j/CvDSS9J4+F4473esQsYLGoE=
github.com/petermattis/goid v0.0.0-20250813065127-a731cc31b4fe/go.mod h1:pxMtw7cyUw6B2bRH0ZBANSPg+AoSud1I1iyJHI69jH4=
github.com/sasha-s/go-deadlock v0.3.6 h1:TR7sfOnZ7x00tWPfD397Peodt57KzMDo+9Ae9rMiUmw=
github.com/sasha-s/go-deadlock v0.3.6/go.mod h1:CUqNyyvMxTyjFqDT7MRg9mb4Dv/btmGTqSR+rky/UXo=
